<?xml version="1.0" encoding="utf-8"?>
<Project ToolsVersion="4.0" xmlns="http://schemas.microsoft.com/developer/msbuild/2003">
  <ItemGroup>
    <Filter Include="Source Files">
      <UniqueIdentifier>{4FC737F1-C7A5-4376-A066-2A32D752A2FF}</UniqueIdentifier>
      <Extensions>cpp;c;cc;cxx;c++;cppm;ixx;def;odl;idl;hpj;bat;asm;asmx</Extensions>
    </Filter>
    <Filter Include="Header Files">
      <UniqueIdentifier>{93995380-89BD-4b04-88EB-625FBE52EBFB}</UniqueIdentifier>
      <Extensions>h;hh;hpp;hxx;h++;hm;inl;inc;ipp;xsd</Extensions>
    </Filter>
    <Filter Include="Resource Files">
      <UniqueIdentifier>{67DA6AB6-F800-4c08-8B7A-83BB121AAD01}</UniqueIdentifier>
      <Extensions>rc;ico;cur;bmp;dlg;rc2;rct;bin;rgs;gif;jpg;jpeg;jpe;resx;tiff;tif;png;wav;mfcribbon-ms</Extensions>
    </Filter>
  </ItemGroup>
  <ItemGroup>
    <ClInclude Include="SRC\MAIN\Main.h">
      <Filter>Header Files</Filter>
    </ClInclude>
    <ClInclude Include="SRC\ENGINE\Engine.h">
      <Filter>Header Files</Filter>
    </ClInclude>
    <ClInclude Include="SRC\DX\DX.h">
      <Filter>Header Files</Filter>
    </ClInclude>
    <ClInclude Include="SRC\STAR\Star.h">
      <Filter>Header Files</Filter>
    </ClInclude>
    <ClInclude Include="SRC\EDITOR\Editor.h">
      <Filter>Header Files</Filter>
    </ClInclude>
    <ClInclude Include="SRC\IMGUI\imconfig.h">
      <Filter>Header Files</Filter>
    </ClInclude>
    <ClInclude Include="SRC\IMGUI\imgui.h">
      <Filter>Header Files</Filter>
    </ClInclude>
    <ClInclude Include="SRC\IMGUI\imgui_impl_dx11.h">
      <Filter>Header Files</Filter>
    </ClInclude>
    <ClInclude Include="SRC\IMGUI\imgui_impl_win32.h">
      <Filter>Header Files</Filter>
    </ClInclude>
    <ClInclude Include="SRC\IMGUI\imgui_internal.h">
      <Filter>Header Files</Filter>
    </ClInclude>
    <ClInclude Include="SRC\IMGUI\imstb_rectpack.h">
      <Filter>Header Files</Filter>
    </ClInclude>
    <ClInclude Include="SRC\IMGUI\imstb_textedit.h">
      <Filter>Header Files</Filter>
    </ClInclude>
    <ClInclude Include="SRC\IMGUI\imstb_truetype.h">
      <Filter>Header Files</Filter>
    </ClInclude>
    <ClInclude Include="SRC\EDITOR\WINDOW\Assets.h">
      <Filter>Header Files</Filter>
    </ClInclude>
    <ClInclude Include="SRC\EDITOR\WINDOW\Viewport.h">
      <Filter>Header Files</Filter>
    </ClInclude>
    <ClInclude Include="SRC\ENTITY\Entity.h">
      <Filter>Header Files</Filter>
    </ClInclude>
    <ClInclude Include="SRC\ENTITY\COMPONENT\GeneralComponent.h">
      <Filter>Header Files</Filter>
    </ClInclude>
    <ClInclude Include="SRC\IMGUI\imgui_stdlib.h">
      <Filter>Header Files</Filter>
    </ClInclude>
    <ClInclude Include="SRC\EDITOR\WINDOW\Hierarchy.h">
      <Filter>Header Files</Filter>
    </ClInclude>
    <ClInclude Include="SRC\ENTITY\COMPONENT\TransformComponent.h">
      <Filter>Header Files</Filter>
    </ClInclude>
    <ClInclude Include="SRC\EDITOR\WINDOW\Inspector.h">
      <Filter>Header Files</Filter>
    </ClInclude>
    <ClInclude Include="SRC\ENTITY\COMPONENT\MeshComponent.h">
      <Filter>Header Files</Filter>
    </ClInclude>
    <ClInclude Include="SRC\IMGUIZMO\ImGuizmo.h">
      <Filter>Header Files</Filter>
    </ClInclude>
    <ClInclude Include="SRC\EDITOR\WINDOW\File.h">
      <Filter>Header Files</Filter>
    </ClInclude>
    <ClInclude Include="SRC\SKY\Sky.h">
      <Filter>Header Files</Filter>
    </ClInclude>
    <ClInclude Include="SRC\MODEL\AssimpLoader.h">
      <Filter>Header Files</Filter>
    </ClInclude>
    <ClInclude Include="SRC\GAME\Game.h">
      <Filter>Header Files</Filter>
    </ClInclude>
    <ClInclude Include="SRC\ENTITY\COMPONENT\CameraComponent.h">
      <Filter>Header Files</Filter>
    </ClInclude>
    <ClInclude Include="SRC\ENTITY\COMPONENT\TextMeshComponent.h">
      <Filter>Header Files</Filter>
    </ClInclude>
    <ClInclude Include="SRC\TTF2MESH\ttf2mesh.h">
      <Filter>Header Files</Filter>
    </ClInclude>
    <ClInclude Include="SRC\EDITOR\WINDOW\Console.h">
      <Filter>Header Files</Filter>
    </ClInclude>
    <ClInclude Include="SRC\ENTITY\COMPONENT\RigidDynamicComponent.h">
      <Filter>Header Files</Filter>
    </ClInclude>
    <ClInclude Include="SRC\SYSTEM\PhysicsSystem.h">
      <Filter>Header Files</Filter>
    </ClInclude>
    <ClInclude Include="SRC\SYSTEM\ModelSystem.h">
      <Filter>Header Files</Filter>
    </ClInclude>
    <ClInclude Include="SRC\EDITOR\WINDOW\About.h">
      <Filter>Header Files</Filter>
    </ClInclude>
    <ClInclude Include="SRC\SPLASHSCREEN\SplashScreen.h">
      <Filter>Header Files</Filter>
    </ClInclude>
    <ClInclude Include="SRC\SYSTEM\ProjectSceneSystem.h">
      <Filter>Header Files</Filter>
    </ClInclude>
    <ClInclude Include="SRC\SYSTEM\ScriptingSystem.h">
      <Filter>Header Files</Filter>
    </ClInclude>
    <ClInclude Include="SRC\MODULE\Module.h">
      <Filter>Header Files</Filter>
    </ClInclude>
    <ClInclude Include="SRC\EDITOR\WINDOW\Project.h">
      <Filter>Header Files</Filter>
    </ClInclude>
    <ClInclude Include="SRC\STRDX\d3d\d3d11_constant_buffer.h">
      <Filter>Header Files</Filter>
    </ClInclude>
    <ClInclude Include="SRC\STRDX\d3d\d3d11_context.h">
      <Filter>Header Files</Filter>
    </ClInclude>
    <ClInclude Include="SRC\STRDX\d3d\d3d11_rasterizer_state.h">
      <Filter>Header Files</Filter>
    </ClInclude>
    <ClInclude Include="SRC\STRDX\d3d\d3d11_render_target.h">
      <Filter>Header Files</Filter>
    </ClInclude>
    <ClInclude Include="SRC\STRDX\d3d\d3d11_sampler_state.h">
      <Filter>Header Files</Filter>
    </ClInclude>
    <ClInclude Include="SRC\STRDX\d3d\d3d11_shader.h">
      <Filter>Header Files</Filter>
    </ClInclude>
    <ClInclude Include="SRC\STRDX\CB.h">
      <Filter>Header Files</Filter>
    </ClInclude>
    <ClInclude Include="SRC\STRDX\constant_buffer.h">
      <Filter>Header Files</Filter>
    </ClInclude>
    <ClInclude Include="SRC\STRDX\context.h">
      <Filter>Header Files</Filter>
    </ClInclude>
    <ClInclude Include="SRC\STRDX\rasterizer_state.h">
      <Filter>Header Files</Filter>
    </ClInclude>
    <ClInclude Include="SRC\STRDX\render_target.h">
      <Filter>Header Files</Filter>
    </ClInclude>
    <ClInclude Include="SRC\STRDX\sampler_state.h">
      <Filter>Header Files</Filter>
    </ClInclude>
    <ClInclude Include="SRC\STRDX\shader.h">
      <Filter>Header Files</Filter>
    </ClInclude>
    <ClInclude Include="SRC\STRDX\strdx.h">
      <Filter>Header Files</Filter>
    </ClInclude>
    <ClInclude Include="SRC\STRDX\Vertex.h">
      <Filter>Header Files</Filter>
    </ClInclude>
    <ClInclude Include="SRC\STRDX\Widgets.h">
      <Filter>Header Files</Filter>
    </ClInclude>
    <ClInclude Include="SRC\STRDX\Topology.h">
      <Filter>Header Files</Filter>
    </ClInclude>
    <ClInclude Include="SRC\SYSTEM\PlayerPrefs.h">
      <Filter>Header Files</Filter>
    </ClInclude>
    <ClInclude Include="SRC\EDITOR\WINDOW\Settings.h">
      <Filter>Header Files</Filter>
    </ClInclude>
    <ClInclude Include="SRC\ENTITY\COMPONENT\BoxColliderComponent.h">
      <Filter>Header Files</Filter>
    </ClInclude>
    <ClInclude Include="SRC\ENTITY\COMPONENT\ScriptComponent.h">
      <Filter>Header Files</Filter>
    </ClInclude>
    <ClInclude Include="SRC\ENTITY\COMPONENT\PhysicsMaterialComponent.h">
      <Filter>Header Files</Filter>
    </ClInclude>
    <ClInclude Include="SRC\ENTITY\COMPONENT\SphereColliderComponent.h">
      <Filter>Header Files</Filter>
    </ClInclude>
    <ClInclude Include="SRC\SYSTEM\LUA\LuaVector2.h">
      <Filter>Header Files</Filter>
    </ClInclude>
    <ClInclude Include="SRC\SYSTEM\LUA\LuaVector3.h">
      <Filter>Header Files</Filter>
    </ClInclude>
    <ClInclude Include="SRC\SYSTEM\LUA\LuaVector4.h">
      <Filter>Header Files</Filter>
    </ClInclude>
    <ClInclude Include="SRC\SYSTEM\LUA\LuaQuaternion.h">
      <Filter>Header Files</Filter>
    </ClInclude>
    <ClInclude Include="SRC\SYSTEM\LUA\LuaMatrix.h">
      <Filter>Header Files</Filter>
    </ClInclude>
    <ClInclude Include="SRC\SYSTEM\LUA\LuaConsole.h">
      <Filter>Header Files</Filter>
    </ClInclude>
    <ClInclude Include="SRC\SYSTEM\LUA\LuaTime.h">
      <Filter>Header Files</Filter>
    </ClInclude>
    <ClInclude Include="SRC\SYSTEM\LUA\LuaInput.h">
      <Filter>Header Files</Filter>
    </ClInclude>
    <ClInclude Include="SRC\SYSTEM\LUA\LuaBoundingBox.h">
      <Filter>Header Files</Filter>
    </ClInclude>
    <ClInclude Include="SRC\SYSTEM\LUA\LuaEngine.h">
      <Filter>Header Files</Filter>
    </ClInclude>
    <ClInclude Include="SRC\SYSTEM\LUA\LuaEntity.h">
      <Filter>Header Files</Filter>
    </ClInclude>
    <ClInclude Include="SRC\STORAGE\TextureStorage.h">
      <Filter>Header Files</Filter>
    </ClInclude>
    <ClInclude Include="SRC\STORAGE\MeshStorage.h">
      <Filter>Header Files</Filter>
    </ClInclude>
    <ClInclude Include="SRC\WINDOW\MainWindow.h">
      <Filter>Header Files</Filter>
    </ClInclude>
    <ClInclude Include="SRC\USERINPUT\UserInput.h">
      <Filter>Header Files</Filter>
    </ClInclude>
    <ClInclude Include="SRC\MATERIAL\Material.h">
      <Filter>Header Files</Filter>
    </ClInclude>
    <ClInclude Include="SRC\VERTEX\Vertex.h">
      <Filter>Header Files</Filter>
    </ClInclude>
    <ClInclude Include="SRC\CONSTANTDATA\ConstantData.h">
      <Filter>Header Files</Filter>
    </ClInclude>
    <ClInclude Include="SRC\EDITOR\WINDOW\Profiler.h">
      <Filter>Header Files</Filter>
    </ClInclude>
    <ClInclude Include="SRC\DEBUG\DTiming.h">
      <Filter>Header Files</Filter>
    </ClInclude>
    <ClInclude Include="SRC\JOB\Job.h">
      <Filter>Header Files</Filter>
    </ClInclude>
    <ClInclude Include="SRC\ENTITY\COMPONENT\CapsuleColliderComponent.h">
      <Filter>Header Files</Filter>
    </ClInclude>
    <ClInclude Include="SRC\EDITOR\WINDOW\Importer.h">
      <Filter>Header Files</Filter>
    </ClInclude>
    <ClInclude Include="SRC\ENTITY\COMPONENT\ImageComponent.h">
      <Filter>Header Files</Filter>
    </ClInclude>
    <ClInclude Include="SRC\ENTITY\COMPONENT\OpacityComponent.h">
      <Filter>Header Files</Filter>
    </ClInclude>
    <ClInclude Include="SRC\ENTITY\COMPONENT\RectangleComponent.h">
      <Filter>Header Files</Filter>
    </ClInclude>
    <ClInclude Include="SRC\ENTITY\COMPONENT\TextComponent.h">
      <Filter>Header Files</Filter>
    </ClInclude>
    <ClInclude Include="SRC\STORAGE\SpriteStorage.h">
      <Filter>Header Files</Filter>
    </ClInclude>
    <ClInclude Include="SRC\ENTITY\COMPONENT\ConvexColliderComponent.h">
      <Filter>Header Files</Filter>
    </ClInclude>
    <ClInclude Include="SRC\ENTITY\COMPONENT\TriangleColliderComponent.h">
      <Filter>Header Files</Filter>
    </ClInclude>
    <ClInclude Include="SRC\ENTITY\COMPONENT\RigidStaticComponent.h">
      <Filter>Header Files</Filter>
    </ClInclude>
    <ClInclude Include="SRC\ENTITY\COMPONENT\DistanceCullerComponent.h">
      <Filter>Header Files</Filter>
    </ClInclude>
    <ClInclude Include="SRC\ENTITY\COMPONENT\FrustumCullerComponent.h">
      <Filter>Header Files</Filter>
    </ClInclude>
    <ClInclude Include="SRC\DEMO\DemoScene.h">
      <Filter>Header Files</Filter>
    </ClInclude>
  </ItemGroup>
  <ItemGroup>
    <ClCompile Include="SRC\MAIN\Main.cpp">
      <Filter>Source Files</Filter>
    </ClCompile>
    <ClCompile Include="SRC\ENGINE\Engine.cpp">
      <Filter>Source Files</Filter>
    </ClCompile>
    <ClCompile Include="SRC\DX\DX.cpp">
      <Filter>Source Files</Filter>
    </ClCompile>
    <ClCompile Include="SRC\STAR\Star.cpp">
      <Filter>Source Files</Filter>
    </ClCompile>
    <ClCompile Include="SRC\EDITOR\Editor.cpp">
      <Filter>Source Files</Filter>
    </ClCompile>
    <ClCompile Include="SRC\IMGUI\imgui.cpp">
      <Filter>Source Files</Filter>
    </ClCompile>
    <ClCompile Include="SRC\IMGUI\imgui_demo.cpp">
      <Filter>Source Files</Filter>
    </ClCompile>
    <ClCompile Include="SRC\IMGUI\imgui_draw.cpp">
      <Filter>Source Files</Filter>
    </ClCompile>
    <ClCompile Include="SRC\IMGUI\imgui_impl_dx11.cpp">
      <Filter>Source Files</Filter>
    </ClCompile>
    <ClCompile Include="SRC\IMGUI\imgui_impl_win32.cpp">
      <Filter>Source Files</Filter>
    </ClCompile>
    <ClCompile Include="SRC\IMGUI\imgui_tables.cpp">
      <Filter>Source Files</Filter>
    </ClCompile>
    <ClCompile Include="SRC\IMGUI\imgui_widgets.cpp">
      <Filter>Source Files</Filter>
    </ClCompile>
    <ClCompile Include="SRC\EDITOR\WINDOW\Assets.cpp">
      <Filter>Source Files</Filter>
    </ClCompile>
    <ClCompile Include="SRC\EDITOR\WINDOW\Viewport.cpp">
      <Filter>Source Files</Filter>
    </ClCompile>
    <ClCompile Include="SRC\ENTITY\Entity.cpp">
      <Filter>Source Files</Filter>
    </ClCompile>
    <ClCompile Include="SRC\ENTITY\COMPONENT\GeneralComponent.cpp">
      <Filter>Source Files</Filter>
    </ClCompile>
    <ClCompile Include="SRC\IMGUI\imgui_stdlib.cpp">
      <Filter>Source Files</Filter>
    </ClCompile>
    <ClCompile Include="SRC\EDITOR\WINDOW\Hierarchy.cpp">
      <Filter>Source Files</Filter>
    </ClCompile>
    <ClCompile Include="SRC\ENTITY\COMPONENT\TransformComponent.cpp">
      <Filter>Source Files</Filter>
    </ClCompile>
    <ClCompile Include="SRC\EDITOR\WINDOW\Inspector.cpp">
      <Filter>Source Files</Filter>
    </ClCompile>
    <ClCompile Include="SRC\ENTITY\COMPONENT\MeshComponent.cpp">
      <Filter>Source Files</Filter>
    </ClCompile>
    <ClCompile Include="SRC\IMGUIZMO\ImGuizmo.cpp">
      <Filter>Source Files</Filter>
    </ClCompile>
    <ClCompile Include="SRC\EDITOR\WINDOW\File.cpp">
      <Filter>Source Files</Filter>
    </ClCompile>
    <ClCompile Include="SRC\SKY\Sky.cpp">
      <Filter>Source Files</Filter>
    </ClCompile>
    <ClCompile Include="SRC\MODEL\AssimpLoader.cpp">
      <Filter>Source Files</Filter>
    </ClCompile>
    <ClCompile Include="SRC\GAME\Game.cpp">
      <Filter>Source Files</Filter>
    </ClCompile>
    <ClCompile Include="SRC\ENTITY\COMPONENT\CameraComponent.cpp">
      <Filter>Source Files</Filter>
    </ClCompile>
    <ClCompile Include="SRC\ENTITY\COMPONENT\TextMeshComponent.cpp">
      <Filter>Source Files</Filter>
    </ClCompile>
    <ClCompile Include="SRC\TTF2MESH\ttf2mesh.c">
      <Filter>Source Files</Filter>
    </ClCompile>
    <ClCompile Include="SRC\EDITOR\WINDOW\Console.cpp">
      <Filter>Source Files</Filter>
    </ClCompile>
    <ClCompile Include="SRC\ENTITY\COMPONENT\RigidDynamicComponent.cpp">
      <Filter>Source Files</Filter>
    </ClCompile>
    <ClCompile Include="SRC\SYSTEM\PhysicsSystem.cpp">
      <Filter>Source Files</Filter>
    </ClCompile>
    <ClCompile Include="SRC\SYSTEM\ModelSystem.cpp">
      <Filter>Source Files</Filter>
    </ClCompile>
    <ClCompile Include="SRC\EDITOR\WINDOW\About.cpp">
      <Filter>Source Files</Filter>
    </ClCompile>
    <ClCompile Include="SRC\SPLASHSCREEN\SplashScreen.cpp">
      <Filter>Source Files</Filter>
    </ClCompile>
    <ClCompile Include="SRC\SYSTEM\ProjectSceneSystem.cpp">
      <Filter>Source Files</Filter>
    </ClCompile>
    <ClCompile Include="SRC\SYSTEM\ScriptingSystem.cpp">
      <Filter>Source Files</Filter>
    </ClCompile>
    <ClCompile Include="SRC\MODULE\Module.cpp">
      <Filter>Source Files</Filter>
    </ClCompile>
    <ClCompile Include="SRC\EDITOR\WINDOW\Project.cpp">
      <Filter>Source Files</Filter>
    </ClCompile>
    <ClCompile Include="SRC\STRDX\d3d\d3d11_constant_buffer.cpp">
      <Filter>Source Files</Filter>
    </ClCompile>
    <ClCompile Include="SRC\STRDX\d3d\d3d11_context.cpp">
      <Filter>Source Files</Filter>
    </ClCompile>
    <ClCompile Include="SRC\STRDX\d3d\d3d11_rasterizer_state.cpp">
      <Filter>Source Files</Filter>
    </ClCompile>
    <ClCompile Include="SRC\STRDX\d3d\d3d11_render_target.cpp">
      <Filter>Source Files</Filter>
    </ClCompile>
    <ClCompile Include="SRC\STRDX\d3d\d3d11_sampler_state.cpp">
      <Filter>Source Files</Filter>
    </ClCompile>
    <ClCompile Include="SRC\STRDX\d3d\d3d11_shader.cpp">
      <Filter>Source Files</Filter>
    </ClCompile>
    <ClCompile Include="SRC\STRDX\constant_buffer.cpp">
      <Filter>Source Files</Filter>
    </ClCompile>
    <ClCompile Include="SRC\STRDX\context.cpp">
      <Filter>Source Files</Filter>
    </ClCompile>
    <ClCompile Include="SRC\STRDX\rasterizer_state.cpp">
      <Filter>Source Files</Filter>
    </ClCompile>
    <ClCompile Include="SRC\STRDX\render_target.cpp">
      <Filter>Source Files</Filter>
    </ClCompile>
    <ClCompile Include="SRC\STRDX\sampler_state.cpp">
      <Filter>Source Files</Filter>
    </ClCompile>
    <ClCompile Include="SRC\STRDX\shader.cpp">
      <Filter>Source Files</Filter>
    </ClCompile>
    <ClCompile Include="SRC\STRDX\Widgets.cpp">
      <Filter>Source Files</Filter>
    </ClCompile>
    <ClCompile Include="SRC\SYSTEM\PlayerPrefs.cpp">
      <Filter>Source Files</Filter>
    </ClCompile>
    <ClCompile Include="SRC\EDITOR\WINDOW\Settings.cpp">
      <Filter>Source Files</Filter>
    </ClCompile>
    <ClCompile Include="SRC\ENTITY\COMPONENT\BoxColliderComponent.cpp">
      <Filter>Source Files</Filter>
    </ClCompile>
    <ClCompile Include="SRC\ENTITY\COMPONENT\ScriptComponent.cpp">
      <Filter>Source Files</Filter>
    </ClCompile>
    <ClCompile Include="SRC\ENTITY\COMPONENT\PhysicsMaterialComponent.cpp">
      <Filter>Source Files</Filter>
    </ClCompile>
    <ClCompile Include="SRC\ENTITY\COMPONENT\SphereColliderComponent.cpp">
      <Filter>Source Files</Filter>
    </ClCompile>
    <ClCompile Include="SRC\SYSTEM\LUA\LuaVector2.cpp">
      <Filter>Source Files</Filter>
    </ClCompile>
    <ClCompile Include="SRC\SYSTEM\LUA\LuaVector3.cpp">
      <Filter>Source Files</Filter>
    </ClCompile>
    <ClCompile Include="SRC\SYSTEM\LUA\LuaVector4.cpp">
      <Filter>Source Files</Filter>
    </ClCompile>
    <ClCompile Include="SRC\SYSTEM\LUA\LuaQuaternion.cpp">
      <Filter>Source Files</Filter>
    </ClCompile>
    <ClCompile Include="SRC\SYSTEM\LUA\LuaMatrix.cpp">
      <Filter>Source Files</Filter>
    </ClCompile>
    <ClCompile Include="SRC\SYSTEM\LUA\LuaConsole.cpp">
      <Filter>Source Files</Filter>
    </ClCompile>
    <ClCompile Include="SRC\SYSTEM\LUA\LuaTime.cpp">
      <Filter>Source Files</Filter>
    </ClCompile>
    <ClCompile Include="SRC\SYSTEM\LUA\LuaInput.cpp">
      <Filter>Source Files</Filter>
    </ClCompile>
    <ClCompile Include="SRC\SYSTEM\LUA\LuaBoundingBox.cpp">
      <Filter>Source Files</Filter>
    </ClCompile>
    <ClCompile Include="SRC\SYSTEM\LUA\LuaEngine.cpp">
      <Filter>Source Files</Filter>
    </ClCompile>
    <ClCompile Include="SRC\SYSTEM\LUA\LuaEntity.cpp">
      <Filter>Source Files</Filter>
    </ClCompile>
    <ClCompile Include="SRC\STORAGE\TextureStorage.cpp">
      <Filter>Source Files</Filter>
    </ClCompile>
    <ClCompile Include="SRC\STORAGE\MeshStorage.cpp">
      <Filter>Source Files</Filter>
    </ClCompile>
    <ClCompile Include="SRC\WINDOW\MainWindow.cpp">
      <Filter>Source Files</Filter>
    </ClCompile>
    <ClCompile Include="SRC\USERINPUT\UserInput.cpp">
      <Filter>Source Files</Filter>
    </ClCompile>
    <ClCompile Include="SRC\MATERIAL\Material.cpp">
      <Filter>Source Files</Filter>
    </ClCompile>
    <ClCompile Include="SRC\VERTEX\Vertex.cpp">
      <Filter>Source Files</Filter>
    </ClCompile>
    <ClCompile Include="SRC\CONSTANTDATA\ConstantData.cpp">
      <Filter>Source Files</Filter>
    </ClCompile>
    <ClCompile Include="SRC\EDITOR\WINDOW\Profiler.cpp">
      <Filter>Source Files</Filter>
    </ClCompile>
    <ClCompile Include="SRC\DEBUG\DTiming.cpp">
      <Filter>Source Files</Filter>
    </ClCompile>
    <ClCompile Include="SRC\JOB\Job.cpp">
      <Filter>Source Files</Filter>
    </ClCompile>
    <ClCompile Include="SRC\ENTITY\COMPONENT\CapsuleColliderComponent.cpp">
      <Filter>Source Files</Filter>
    </ClCompile>
    <ClCompile Include="SRC\EDITOR\WINDOW\Importer.cpp">
      <Filter>Source Files</Filter>
    </ClCompile>
    <ClCompile Include="SRC\ENTITY\COMPONENT\ImageComponent.cpp">
      <Filter>Source Files</Filter>
    </ClCompile>
    <ClCompile Include="SRC\ENTITY\COMPONENT\OpacityComponent.cpp">
      <Filter>Source Files</Filter>
    </ClCompile>
    <ClCompile Include="SRC\ENTITY\COMPONENT\RectangleComponent.cpp">
      <Filter>Source Files</Filter>
    </ClCompile>
    <ClCompile Include="SRC\ENTITY\COMPONENT\TextComponent.cpp">
      <Filter>Source Files</Filter>
    </ClCompile>
    <ClCompile Include="SRC\STORAGE\SpriteStorage.cpp">
      <Filter>Source Files</Filter>
    </ClCompile>
    <ClCompile Include="SRC\ENTITY\COMPONENT\ConvexColliderComponent.cpp">
      <Filter>Source Files</Filter>
    </ClCompile>
    <ClCompile Include="SRC\ENTITY\COMPONENT\TriangleColliderComponent.cpp">
      <Filter>Source Files</Filter>
    </ClCompile>
    <ClCompile Include="SRC\ENTITY\COMPONENT\RigidStaticComponent.cpp">
      <Filter>Source Files</Filter>
    </ClCompile>
    <ClCompile Include="SRC\ENTITY\COMPONENT\DistanceCullerComponent.cpp">
      <Filter>Source Files</Filter>
    </ClCompile>
    <ClCompile Include="SRC\ENTITY\COMPONENT\FrustumCullerComponent.cpp">
      <Filter>Source Files</Filter>
    </ClCompile>
    <ClCompile Include="SRC\DEMO\DemoScene.cpp">
      <Filter>Source Files</Filter>
    </ClCompile>
  </ItemGroup>
</Project>